// !$*UTF8*$!
{
	archiveVersion = 1;
	classes = {
	};
	objectVersion = 55;
	objects = {

/* Begin PBXBuildFile section */
		F574AAD4276375EA00D88ECC /* CoreImageAndCIFilterDemoApp.swift in Sources */ = {isa = PBXBuildFile; fileRef = F574AAD3276375EA00D88ECC /* CoreImageAndCIFilterDemoApp.swift */; };
		F574AAD6276375EA00D88ECC /* ContentView.swift in Sources */ = {isa = PBXBuildFile; fileRef = F574AAD5276375EA00D88ECC /* ContentView.swift */; };
		F574AAD8276375EB00D88ECC /* Assets.xcassets in Resources */ = {isa = PBXBuildFile; fileRef = F574AAD7276375EB00D88ECC /* Assets.xcassets */; };
		F574AADB276375EB00D88ECC /* Preview Assets.xcassets in Resources */ = {isa = PBXBuildFile; fileRef = F574AADA276375EB00D88ECC /* Preview Assets.xcassets */; };
		F574AAFD2765979400D88ECC /* String+Extensions.swift in Sources */ = {isa = PBXBuildFile; fileRef = F574AAFC2765979400D88ECC /* String+Extensions.swift */; };
		F574AAFF276597DB00D88ECC /* Color+Extensions.swift in Sources */ = {isa = PBXBuildFile; fileRef = F574AAFE276597DB00D88ECC /* Color+Extensions.swift */; };
		F574AB012765981200D88ECC /* View+Extensions.swift in Sources */ = {isa = PBXBuildFile; fileRef = F574AB002765981200D88ECC /* View+Extensions.swift */; };
		F574AB0727659FE200D88ECC /* ImageFileNavigationViews.swift in Sources */ = {isa = PBXBuildFile; fileRef = F574AB0627659FE200D88ECC /* ImageFileNavigationViews.swift */; };
		F574AB092765A0CF00D88ECC /* FilterListViews.swift in Sources */ = {isa = PBXBuildFile; fileRef = F574AB082765A0CF00D88ECC /* FilterListViews.swift */; };
		F574AB0B2765A12E00D88ECC /* FilterSettingsViews.swift in Sources */ = {isa = PBXBuildFile; fileRef = F574AB0A2765A12E00D88ECC /* FilterSettingsViews.swift */; };
		F574AB0D2765A21A00D88ECC /* HelperViews.swift in Sources */ = {isa = PBXBuildFile; fileRef = F574AB0C2765A21A00D88ECC /* HelperViews.swift */; };
		F574AB102765A2D600D88ECC /* FilterModel.swift in Sources */ = {isa = PBXBuildFile; fileRef = F574AB0F2765A2D600D88ECC /* FilterModel.swift */; };
		F574AB122765DC8700D88ECC /* UIImage+Extensions.swift in Sources */ = {isa = PBXBuildFile; fileRef = F574AB112765DC8700D88ECC /* UIImage+Extensions.swift */; };
		F574AB1627663BC400D88ECC /* Filter.swift in Sources */ = {isa = PBXBuildFile; fileRef = F574AB1527663BC400D88ECC /* Filter.swift */; };
		F574AB1A2766C2ED00D88ECC /* FaceMarker.swift in Sources */ = {isa = PBXBuildFile; fileRef = F574AB192766C2ED00D88ECC /* FaceMarker.swift */; };
		F574AB1C2766C31600D88ECC /* FaceFeatureV.swift in Sources */ = {isa = PBXBuildFile; fileRef = F574AB1B2766C31600D88ECC /* FaceFeatureV.swift */; };
		F574AB1E2766C34900D88ECC /* IconButton.swift in Sources */ = {isa = PBXBuildFile; fileRef = F574AB1D2766C34900D88ECC /* IconButton.swift */; };
		F574AB202766C37000D88ECC /* IconToggle.swift in Sources */ = {isa = PBXBuildFile; fileRef = F574AB1F2766C37000D88ECC /* IconToggle.swift */; };
		F574AB222766C3A900D88ECC /* FilterChainV.swift in Sources */ = {isa = PBXBuildFile; fileRef = F574AB212766C3A900D88ECC /* FilterChainV.swift */; };
/* End PBXBuildFile section */

/* Begin PBXFileReference section */
		F574AAD0276375EA00D88ECC /* CoreImageAndCIFilterDemo.app */ = {isa = PBXFileReference; explicitFileType = wrapper.application; includeInIndex = 0; path = CoreImageAndCIFilterDemo.app; sourceTree = BUILT_PRODUCTS_DIR; };
		F574AAD3276375EA00D88ECC /* CoreImageAndCIFilterDemoApp.swift */ = {isa = PBXFileReference; lastKnownFileType = sourcecode.swift; path = CoreImageAndCIFilterDemoApp.swift; sourceTree = "<group>"; };
		F574AAD5276375EA00D88ECC /* ContentView.swift */ = {isa = PBXFileReference; lastKnownFileType = sourcecode.swift; path = ContentView.swift; sourceTree = "<group>"; };
		F574AAD7276375EB00D88ECC /* Assets.xcassets */ = {isa = PBXFileReference; lastKnownFileType = folder.assetcatalog; path = Assets.xcassets; sourceTree = "<group>"; };
		F574AADA276375EB00D88ECC /* Preview Assets.xcassets */ = {isa = PBXFileReference; lastKnownFileType = folder.assetcatalog; path = "Preview Assets.xcassets"; sourceTree = "<group>"; };
		F574AAFC2765979400D88ECC /* String+Extensions.swift */ = {isa = PBXFileReference; lastKnownFileType = sourcecode.swift; path = "String+Extensions.swift"; sourceTree = "<group>"; };
		F574AAFE276597DB00D88ECC /* Color+Extensions.swift */ = {isa = PBXFileReference; lastKnownFileType = sourcecode.swift; path = "Color+Extensions.swift"; sourceTree = "<group>"; };
		F574AB002765981200D88ECC /* View+Extensions.swift */ = {isa = PBXFileReference; lastKnownFileType = sourcecode.swift; path = "View+Extensions.swift"; sourceTree = "<group>"; };
		F574AB0627659FE200D88ECC /* ImageFileNavigationViews.swift */ = {isa = PBXFileReference; lastKnownFileType = sourcecode.swift; path = ImageFileNavigationViews.swift; sourceTree = "<group>"; };
		F574AB082765A0CF00D88ECC /* FilterListViews.swift */ = {isa = PBXFileReference; lastKnownFileType = sourcecode.swift; path = FilterListViews.swift; sourceTree = "<group>"; };
		F574AB0A2765A12E00D88ECC /* FilterSettingsViews.swift */ = {isa = PBXFileReference; lastKnownFileType = sourcecode.swift; path = FilterSettingsViews.swift; sourceTree = "<group>"; };
		F574AB0C2765A21A00D88ECC /* HelperViews.swift */ = {isa = PBXFileReference; lastKnownFileType = sourcecode.swift; path = HelperViews.swift; sourceTree = "<group>"; };
		F574AB0F2765A2D600D88ECC /* FilterModel.swift */ = {isa = PBXFileReference; lastKnownFileType = sourcecode.swift; path = FilterModel.swift; sourceTree = "<group>"; };
		F574AB112765DC8700D88ECC /* UIImage+Extensions.swift */ = {isa = PBXFileReference; lastKnownFileType = sourcecode.swift; path = "UIImage+Extensions.swift"; sourceTree = "<group>"; };
		F574AB1527663BC400D88ECC /* Filter.swift */ = {isa = PBXFileReference; lastKnownFileType = sourcecode.swift; path = Filter.swift; sourceTree = "<group>"; };
		F574AB192766C2ED00D88ECC /* FaceMarker.swift */ = {isa = PBXFileReference; lastKnownFileType = sourcecode.swift; path = FaceMarker.swift; sourceTree = "<group>"; };
		F574AB1B2766C31600D88ECC /* FaceFeatureV.swift */ = {isa = PBXFileReference; lastKnownFileType = sourcecode.swift; path = FaceFeatureV.swift; sourceTree = "<group>"; };
		F574AB1D2766C34900D88ECC /* IconButton.swift */ = {isa = PBXFileReference; lastKnownFileType = sourcecode.swift; path = IconButton.swift; sourceTree = "<group>"; };
		F574AB1F2766C37000D88ECC /* IconToggle.swift */ = {isa = PBXFileReference; lastKnownFileType = sourcecode.swift; path = IconToggle.swift; sourceTree = "<group>"; };
		F574AB212766C3A900D88ECC /* FilterChainV.swift */ = {isa = PBXFileReference; lastKnownFileType = sourcecode.swift; path = FilterChainV.swift; sourceTree = "<group>"; };
/* End PBXFileReference section */

/* Begin PBXFrameworksBuildPhase section */
		F574AACD276375EA00D88ECC /* Frameworks */ = {
			isa = PBXFrameworksBuildPhase;
			buildActionMask = 2147483647;
			files = (
			);
			runOnlyForDeploymentPostprocessing = 0;
		};
/* End PBXFrameworksBuildPhase section */

/* Begin PBXGroup section */
		F574AAC7276375E900D88ECC = {
			isa = PBXGroup;
			children = (
				F574AAD2276375EA00D88ECC /* CoreImageAndCIFilterDemo */,
				F574AAD1276375EA00D88ECC /* Products */,
			);
			sourceTree = "<group>";
		};
		F574AAD1276375EA00D88ECC /* Products */ = {
			isa = PBXGroup;
			children = (
				F574AAD0276375EA00D88ECC /* CoreImageAndCIFilterDemo.app */,
			);
			name = Products;
			sourceTree = "<group>";
		};
		F574AAD2276375EA00D88ECC /* CoreImageAndCIFilterDemo */ = {
			isa = PBXGroup;
			children = (
				F574AB0E2765A28C00D88ECC /* Model */,
				F574AB0527659F7C00D88ECC /* Views */,
				F574AB02276598F100D88ECC /* Extensions */,
				F574AAD3276375EA00D88ECC /* CoreImageAndCIFilterDemoApp.swift */,
				F574AAD7276375EB00D88ECC /* Assets.xcassets */,
				F574AAD9276375EB00D88ECC /* Preview Content */,
			);
			path = CoreImageAndCIFilterDemo;
			sourceTree = "<group>";
		};
		F574AAD9276375EB00D88ECC /* Preview Content */ = {
			isa = PBXGroup;
			children = (
				F574AADA276375EB00D88ECC /* Preview Assets.xcassets */,
			);
			path = "Preview Content";
			sourceTree = "<group>";
		};
		F574AB02276598F100D88ECC /* Extensions */ = {
			isa = PBXGroup;
			children = (
				F574AB002765981200D88ECC /* View+Extensions.swift */,
				F574AAFE276597DB00D88ECC /* Color+Extensions.swift */,
				F574AAFC2765979400D88ECC /* String+Extensions.swift */,
				F574AB112765DC8700D88ECC /* UIImage+Extensions.swift */,
			);
			name = Extensions;
			sourceTree = "<group>";
		};
		F574AB0527659F7C00D88ECC /* Views */ = {
			isa = PBXGroup;
			children = (
				F574AB0627659FE200D88ECC /* ImageFileNavigationViews.swift */,
				F574AB082765A0CF00D88ECC /* FilterListViews.swift */,
				F574AB0A2765A12E00D88ECC /* FilterSettingsViews.swift */,
				F574AB0C2765A21A00D88ECC /* HelperViews.swift */,
				F574AAD5276375EA00D88ECC /* ContentView.swift */,
				F574AB192766C2ED00D88ECC /* FaceMarker.swift */,
				F574AB1B2766C31600D88ECC /* FaceFeatureV.swift */,
				F574AB1D2766C34900D88ECC /* IconButton.swift */,
				F574AB1F2766C37000D88ECC /* IconToggle.swift */,
				F574AB212766C3A900D88ECC /* FilterChainV.swift */,
			);
			name = Views;
			sourceTree = "<group>";
		};
		F574AB0E2765A28C00D88ECC /* Model */ = {
			isa = PBXGroup;
			children = (
				F574AB0F2765A2D600D88ECC /* FilterModel.swift */,
				F574AB1527663BC400D88ECC /* Filter.swift */,
			);
			name = Model;
			sourceTree = "<group>";
		};
/* End PBXGroup section */

/* Begin PBXNativeTarget section */
		F574AACF276375EA00D88ECC /* CoreImageAndCIFilterDemo */ = {
			isa = PBXNativeTarget;
			buildConfigurationList = F574AADE276375EB00D88ECC /* Build configuration list for PBXNativeTarget "CoreImageAndCIFilterDemo" */;
			buildPhases = (
				F574AACC276375EA00D88ECC /* Sources */,
				F574AACD276375EA00D88ECC /* Frameworks */,
				F574AACE276375EA00D88ECC /* Resources */,
			);
			buildRules = (
			);
			dependencies = (
			);
			name = CoreImageAndCIFilterDemo;
			productName = CoreImageAndCIFilterDemo;
			productReference = F574AAD0276375EA00D88ECC /* CoreImageAndCIFilterDemo.app */;
			productType = "com.apple.product-type.application";
		};
/* End PBXNativeTarget section */

/* Begin PBXProject section */
		F574AAC8276375E900D88ECC /* Project object */ = {
			isa = PBXProject;
			attributes = {
				BuildIndependentTargetsInParallel = 1;
				LastSwiftUpdateCheck = 1310;
				LastUpgradeCheck = 1310;
				TargetAttributes = {
					F574AACF276375EA00D88ECC = {
						CreatedOnToolsVersion = 13.1;
					};
				};
			};
			buildConfigurationList = F574AACB276375E900D88ECC /* Build configuration list for PBXProject "CoreImageAndCIFilterDemo" */;
			compatibilityVersion = "Xcode 13.0";
			developmentRegion = en;
			hasScannedForEncodings = 0;
			knownRegions = (
				en,
				Base,
			);
			mainGroup = F574AAC7276375E900D88ECC;
			productRefGroup = F574AAD1276375EA00D88ECC /* Products */;
			projectDirPath = "";
			projectRoot = "";
			targets = (
				F574AACF276375EA00D88ECC /* CoreImageAndCIFilterDemo */,
			);
		};
/* End PBXProject section */

/* Begin PBXResourcesBuildPhase section */
		F574AACE276375EA00D88ECC /* Resources */ = {
			isa = PBXResourcesBuildPhase;
			buildActionMask = 2147483647;
			files = (
				F574AADB276375EB00D88ECC /* Preview Assets.xcassets in Resources */,
				F574AAD8276375EB00D88ECC /* Assets.xcassets in Resources */,
			);
			runOnlyForDeploymentPostprocessing = 0;
		};
/* End PBXResourcesBuildPhase section */

/* Begin PBXSourcesBuildPhase section */
		F574AACC276375EA00D88ECC /* Sources */ = {
			isa = PBXSourcesBuildPhase;
			buildActionMask = 2147483647;
			files = (
				F574AB1A2766C2ED00D88ECC /* FaceMarker.swift in Sources */,
				F574AB0D2765A21A00D88ECC /* HelperViews.swift in Sources */,
				F574AB1627663BC400D88ECC /* Filter.swift in Sources */,
				F574AB1E2766C34900D88ECC /* IconButton.swift in Sources */,
				F574AAD6276375EA00D88ECC /* ContentView.swift in Sources */,
				F574AAFD2765979400D88ECC /* String+Extensions.swift in Sources */,
				F574AB202766C37000D88ECC /* IconToggle.swift in Sources */,
				F574AAD4276375EA00D88ECC /* CoreImageAndCIFilterDemoApp.swift in Sources */,
				F574AB1C2766C31600D88ECC /* FaceFeatureV.swift in Sources */,
				F574AB092765A0CF00D88ECC /* FilterListViews.swift in Sources */,
				F574AB102765A2D600D88ECC /* FilterModel.swift in Sources */,
				F574AB012765981200D88ECC /* View+Extensions.swift in Sources */,
				F574AAFF276597DB00D88ECC /* Color+Extensions.swift in Sources */,
				F574AB222766C3A900D88ECC /* FilterChainV.swift in Sources */,
				F574AB0B2765A12E00D88ECC /* FilterSettingsViews.swift in Sources */,
				F574AB122765DC8700D88ECC /* UIImage+Extensions.swift in Sources */,
				F574AB0727659FE200D88ECC /* ImageFileNavigationViews.swift in Sources */,
			);
			runOnlyForDeploymentPostprocessing = 0;
		};
/* End PBXSourcesBuildPhase section */

/* Begin XCBuildConfiguration section */
		F574AADC276375EB00D88ECC /* Debug */ = {
			isa = XCBuildConfiguration;
			buildSettings = {
				ALWAYS_SEARCH_USER_PATHS = NO;
				CLANG_ANALYZER_NONNULL = YES;
				CLANG_ANALYZER_NUMBER_OBJECT_CONVERSION = YES_AGGRESSIVE;
				CLANG_CXX_LANGUAGE_STANDARD = "gnu++17";
				CLANG_CXX_LIBRARY = "libc++";
				CLANG_ENABLE_MODULES = YES;
				CLANG_ENABLE_OBJC_ARC = YES;
				CLANG_ENABLE_OBJC_WEAK = YES;
				CLANG_WARN_BLOCK_CAPTURE_AUTORELEASING = YES;
				CLANG_WARN_BOOL_CONVERSION = YES;
				CLANG_WARN_COMMA = YES;
				CLANG_WARN_CONSTANT_CONVERSION = YES;
				CLANG_WARN_DEPRECATED_OBJC_IMPLEMENTATIONS = YES;
				CLANG_WARN_DIRECT_OBJC_ISA_USAGE = YES_ERROR;
				CLANG_WARN_DOCUMENTATION_COMMENTS = YES;
				CLANG_WARN_EMPTY_BODY = YES;
				CLANG_WARN_ENUM_CONVERSION = YES;
				CLANG_WARN_INFINITE_RECURSION = YES;
				CLANG_WARN_INT_CONVERSION = YES;
				CLANG_WARN_NON_LITERAL_NULL_CONVERSION = YES;
				CLANG_WARN_OBJC_IMPLICIT_RETAIN_SELF = YES;
				CLANG_WARN_OBJC_LITERAL_CONVERSION = YES;
				CLANG_WARN_OBJC_ROOT_CLASS = YES_ERROR;
				CLANG_WARN_QUOTED_INCLUDE_IN_FRAMEWORK_HEADER = YES;
				CLANG_WARN_RANGE_LOOP_ANALYSIS = YES;
				CLANG_WARN_STRICT_PROTOTYPES = YES;
				CLANG_WARN_SUSPICIOUS_MOVE = YES;
				CLANG_WARN_UNGUARDED_AVAILABILITY = YES_AGGRESSIVE;
				CLANG_WARN_UNREACHABLE_CODE = YES;
				CLANG_WARN__DUPLICATE_METHOD_MATCH = YES;
				COPY_PHASE_STRIP = NO;
				DEBUG_INFORMATION_FORMAT = dwarf;
				ENABLE_STRICT_OBJC_MSGSEND = YES;
				ENABLE_TESTABILITY = YES;
				GCC_C_LANGUAGE_STANDARD = gnu11;
				GCC_DYNAMIC_NO_PIC = NO;
				GCC_NO_COMMON_BLOCKS = YES;
				GCC_OPTIMIZATION_LEVEL = 0;
				GCC_PREPROCESSOR_DEFINITIONS = (
					"DEBUG=1",
					"$(inherited)",
				);
				GCC_WARN_64_TO_32_BIT_CONVERSION = YES;
				GCC_WARN_ABOUT_RETURN_TYPE = YES_ERROR;
				GCC_WARN_UNDECLARED_SELECTOR = YES;
				GCC_WARN_UNINITIALIZED_AUTOS = YES_AGGRESSIVE;
				GCC_WARN_UNUSED_FUNCTION = YES;
				GCC_WARN_UNUSED_VARIABLE = YES;
				IPHONEOS_DEPLOYMENT_TARGET = 15.0;
				MTL_ENABLE_DEBUG_INFO = INCLUDE_SOURCE;
				MTL_FAST_MATH = YES;
				ONLY_ACTIVE_ARCH = YES;
				SDKROOT = iphoneos;
				SWIFT_ACTIVE_COMPILATION_CONDITIONS = DEBUG;
				SWIFT_OPTIMIZATION_LEVEL = "-Onone";
			};
			name = Debug;
		};
		F574AADD276375EB00D88ECC /* Release */ = {
			isa = XCBuildConfiguration;
			buildSettings = {
				ALWAYS_SEARCH_USER_PATHS = NO;
				CLANG_ANALYZER_NONNULL = YES;
				CLANG_ANALYZER_NUMBER_OBJECT_CONVERSION = YES_AGGRESSIVE;
				CLANG_CXX_LANGUAGE_STANDARD = "gnu++17";
				CLANG_CXX_LIBRARY = "libc++";
				CLANG_ENABLE_MODULES = YES;
				CLANG_ENABLE_OBJC_ARC = YES;
				CLANG_ENABLE_OBJC_WEAK = YES;
				CLANG_WARN_BLOCK_CAPTURE_AUTORELEASING = YES;
				CLANG_WARN_BOOL_CONVERSION = YES;
				CLANG_WARN_COMMA = YES;
				CLANG_WARN_CONSTANT_CONVERSION = YES;
				CLANG_WARN_DEPRECATED_OBJC_IMPLEMENTATIONS = YES;
				CLANG_WARN_DIRECT_OBJC_ISA_USAGE = YES_ERROR;
				CLANG_WARN_DOCUMENTATION_COMMENTS = YES;
				CLANG_WARN_EMPTY_BODY = YES;
				CLANG_WARN_ENUM_CONVERSION = YES;
				CLANG_WARN_INFINITE_RECURSION = YES;
				CLANG_WARN_INT_CONVERSION = YES;
				CLANG_WARN_NON_LITERAL_NULL_CONVERSION = YES;
				CLANG_WARN_OBJC_IMPLICIT_RETAIN_SELF = YES;
				CLANG_WARN_OBJC_LITERAL_CONVERSION = YES;
				CLANG_WARN_OBJC_ROOT_CLASS = YES_ERROR;
				CLANG_WARN_QUOTED_INCLUDE_IN_FRAMEWORK_HEADER = YES;
				CLANG_WARN_RANGE_LOOP_ANALYSIS = YES;
				CLANG_WARN_STRICT_PROTOTYPES = YES;
				CLANG_WARN_SUSPICIOUS_MOVE = YES;
				CLANG_WARN_UNGUARDED_AVAILABILITY = YES_AGGRESSIVE;
				CLANG_WARN_UNREACHABLE_CODE = YES;
				CLANG_WARN__DUPLICATE_METHOD_MATCH = YES;
				COPY_PHASE_STRIP = NO;
				DEBUG_INFORMATION_FORMAT = "dwarf-with-dsym";
				ENABLE_NS_ASSERTIONS = NO;
				ENABLE_STRICT_OBJC_MSGSEND = YES;
				GCC_C_LANGUAGE_STANDARD = gnu11;
				GCC_NO_COMMON_BLOCKS = YES;
				GCC_WARN_64_TO_32_BIT_CONVERSION = YES;
				GCC_WARN_ABOUT_RETURN_TYPE = YES_ERROR;
				GCC_WARN_UNDECLARED_SELECTOR = YES;
				GCC_WARN_UNINITIALIZED_AUTOS = YES_AGGRESSIVE;
				GCC_WARN_UNUSED_FUNCTION = YES;
				GCC_WARN_UNUSED_VARIABLE = YES;
				IPHONEOS_DEPLOYMENT_TARGET = 15.0;
				MTL_ENABLE_DEBUG_INFO = NO;
				MTL_FAST_MATH = YES;
				SDKROOT = iphoneos;
				SWIFT_COMPILATION_MODE = wholemodule;
				SWIFT_OPTIMIZATION_LEVEL = "-O";
				VALIDATE_PRODUCT = YES;
			};
			name = Release;
		};
		F574AADF276375EB00D88ECC /* Debug */ = {
			isa = XCBuildConfiguration;
			buildSettings = {
				ASSETCATALOG_COMPILER_APPICON_NAME = AppIcon;
				ASSETCATALOG_COMPILER_GLOBAL_ACCENT_COLOR_NAME = AccentColor;
				CODE_SIGN_STYLE = Automatic;
				CURRENT_PROJECT_VERSION = 1;
				DEVELOPMENT_ASSET_PATHS = "\"CoreImageAndCIFilterDemo/Preview Content\"";
				DEVELOPMENT_TEAM = 94KJ57NRP8;
				ENABLE_PREVIEWS = YES;
				GENERATE_INFOPLIST_FILE = YES;
				INFOPLIST_KEY_UIApplicationSceneManifest_Generation = YES;
				INFOPLIST_KEY_UIApplicationSupportsIndirectInputEvents = YES;
				INFOPLIST_KEY_UILaunchScreen_Generation = YES;
				INFOPLIST_KEY_UIRequiresFullScreen = YES;
				INFOPLIST_KEY_UIStatusBarHidden = YES;
				INFOPLIST_KEY_UISupportedInterfaceOrientations = "UIInterfaceOrientationPortraitUpsideDown UIInterfaceOrientationPortrait";
				INFOPLIST_KEY_UISupportedInterfaceOrientations_iPad = "UIInterfaceOrientationPortrait UIInterfaceOrientationPortraitUpsideDown UIInterfaceOrientationLandscapeLeft UIInterfaceOrientationLandscapeRight";
				INFOPLIST_KEY_UISupportedInterfaceOrientations_iPhone = "UIInterfaceOrientationPortrait UIInterfaceOrientationLandscapeLeft UIInterfaceOrientationLandscapeRight";
				LD_RUNPATH_SEARCH_PATHS = (
					"$(inherited)",
					"@executable_path/Frameworks",
				);
				MARKETING_VERSION = 1.0;
				PRODUCT_BUNDLE_IDENTIFIER = "ReneKnap.Test-0001";
				PRODUCT_NAME = "$(TARGET_NAME)";
				SWIFT_EMIT_LOC_STRINGS = YES;
				SWIFT_VERSION = 5.0;
				TARGETED_DEVICE_FAMILY = "1,2";
			};
			name = Debug;
		};
		F574AAE0276375EB00D88ECC /* Release */ = {
			isa = XCBuildConfiguration;
			buildSettings = {
				ASSETCATALOG_COMPILER_APPICON_NAME = AppIcon;
				ASSETCATALOG_COMPILER_GLOBAL_ACCENT_COLOR_NAME = AccentColor;
				CODE_SIGN_STYLE = Automatic;
				CURRENT_PROJECT_VERSION = 1;
				DEVELOPMENT_ASSET_PATHS = "\"CoreImageAndCIFilterDemo/Preview Content\"";
				DEVELOPMENT_TEAM = 94KJ57NRP8;
				ENABLE_PREVIEWS = YES;
				GENERATE_INFOPLIST_FILE = YES;
				INFOPLIST_KEY_UIApplicationSceneManifest_Generation = YES;
				INFOPLIST_KEY_UIApplicationSupportsIndirectInputEvents = YES;
				INFOPLIST_KEY_UILaunchScreen_Generation = YES;
				INFOPLIST_KEY_UIRequiresFullScreen = YES;
				INFOPLIST_KEY_UIStatusBarHidden = YES;
				INFOPLIST_KEY_UISupportedInterfaceOrientations = "UIInterfaceOrientationPortraitUpsideDown UIInterfaceOrientationPortrait";
				INFOPLIST_KEY_UISupportedInterfaceOrientations_iPad = "UIInterfaceOrientationPortrait UIInterfaceOrientationPortraitUpsideDown UIInterfaceOrientationLandscapeLeft UIInterfaceOrientationLandscapeRight";
				INFOPLIST_KEY_UISupportedInterfaceOrientations_iPhone = "UIInterfaceOrientationPortrait UIInterfaceOrientationLandscapeLeft UIInterfaceOrientationLandscapeRight";
				LD_RUNPATH_SEARCH_PATHS = (
					"$(inherited)",
					"@executable_path/Frameworks",
				);
				MARKETING_VERSION = 1.0;
				PRODUCT_BUNDLE_IDENTIFIER = "ReneKnap.Test-0001";
				PRODUCT_NAME = "$(TARGET_NAME)";
				SWIFT_EMIT_LOC_STRINGS = YES;
				SWIFT_VERSION = 5.0;
				TARGETED_DEVICE_FAMILY = "1,2";
			};
			name = Release;
		};
/* End XCBuildConfiguration section */

/* Begin XCConfigurationList section */
		F574AACB276375E900D88ECC /* Build configuration list for PBXProject "CoreImageAndCIFilterDemo" */ = {
			isa = XCConfigurationList;
			buildConfigurations = (
				F574AADC276375EB00D88ECC /* Debug */,
				F574AADD276375EB00D88ECC /* Release */,
			);
			defaultConfigurationIsVisible = 0;
			defaultConfigurationName = Release;
		};
		F574AADE276375EB00D88ECC /* Build configuration list for PBXNativeTarget "CoreImageAndCIFilterDemo" */ = {
			isa = XCConfigurationList;
			buildConfigurations = (
				F574AADF276375EB00D88ECC /* Debug */,
				F574AAE0276375EB00D88ECC /* Release */,
			);
			defaultConfigurationIsVisible = 0;
			defaultConfigurationName = Release;
		};
/* End XCConfigurationList section */
	};
	rootObject = F574AAC8276375E900D88ECC /* Project object */;
}
